
Microsoft Visual Studio Solution File, Format Version 12.00
# Visual Studio Version 17
VisualStudioVersion = 17.13.35931.197 d17.13
MinimumVisualStudioVersion = 10.0.40219.1
Project("{FAE04EC0-301F-11D3-BF4B-00C04F79EFBC}") = "Task01.1", "Task01.1\Task01.1.csproj", "{155850F3-1869-4AAB-8996-ECDC3E4F7D45}"
EndProject
Global
	GlobalSection(SolutionConfigurationPlatforms) = preSolution
		Debug|Any CPU = Debug|Any CPU
		Release|Any CPU = Release|Any CPU
	EndGlobalSection
	GlobalSection(ProjectConfigurationPlatforms) = postSolution
		{155850F3-1869-4AAB-8996-ECDC3E4F7D45}.Debug|Any CPU.ActiveCfg = Debug|Any CPU
		{155850F3-1869-4AAB-8996-ECDC3E4F7D45}.Debug|Any CPU.Build.0 = Debug|Any CPU
		{155850F3-1869-4AAB-8996-ECDC3E4F7D45}.Release|Any CPU.ActiveCfg = Release|Any CPU
		{155850F3-1869-4AAB-8996-ECDC3E4F7D45}.Release|Any CPU.Build.0 = Release|Any CPU
	EndGlobalSection
	GlobalSection(SolutionProperties) = preSolution
		HideSolutionNode = FALSE
	EndGlobalSection
	GlobalSection(ExtensibilityGlobals) = postSolution
		SolutionGuid = {E9F7B1B9-9D70-4EA4-836C-F27C0A822DB7}
	EndGlobalSection
EndGlobal
